
Microsoft Visual Studio Solution File, Format Version 12.00
# Visual Studio Version 17
VisualStudioVersion = 17.8.34330.188
MinimumVisualStudioVersion = 10.0.40219.1
Project("{FAE04EC0-301F-11D3-BF4B-00C04F79EFBC}") = "ASPNETCore8-PostmanTest-Entity", "ASPNETCore8-PostmanTest-Entity\ASPNETCore8-PostmanTest-Entity.csproj", "{CC8EE5F0-53C9-4895-A25E-CC0B85D9BE4B}"
EndProject
Global
	GlobalSection(SolutionConfigurationPlatforms) = preSolution
		Debug|Any CPU = Debug|Any CPU
		Release|Any CPU = Release|Any CPU
	EndGlobalSection
	GlobalSection(ProjectConfigurationPlatforms) = postSolution
		{CC8EE5F0-53C9-4895-A25E-CC0B85D9BE4B}.Debug|Any CPU.ActiveCfg = Debug|Any CPU
		{CC8EE5F0-53C9-4895-A25E-CC0B85D9BE4B}.Debug|Any CPU.Build.0 = Debug|Any CPU
		{CC8EE5F0-53C9-4895-A25E-CC0B85D9BE4B}.Release|Any CPU.ActiveCfg = Release|Any CPU
		{CC8EE5F0-53C9-4895-A25E-CC0B85D9BE4B}.Release|Any CPU.Build.0 = Release|Any CPU
	EndGlobalSection
	GlobalSection(SolutionProperties) = preSolution
		HideSolutionNode = FALSE
	EndGlobalSection
	GlobalSection(ExtensibilityGlobals) = postSolution
		SolutionGuid = {0D4FB294-2B47-44F9-8CAD-9F162D4CA549}
	EndGlobalSection
EndGlobal
